// !$*UTF8*$!
{
	archiveVersion = 1;
	classes = {
	};
	objectVersion = 77;
	objects = {

/* Begin PBXBuildFile section */
		59DB082BB1CBCB60FDF77845 /* MacarchyApp.swift in Sources */ = {isa = PBXBuildFile; fileRef = 59603347DBEF43C09BBE3B5D /* MacarchyApp.swift */; };
		77E9882807DC5F282D79C783 /* default-config.toml in Resources */ = {isa = PBXBuildFile; fileRef = 544E626BE683B1DF6816A141 /* default-config.toml */; };
		80BF7B8F501E8CFB999F9C77 /* Assets.xcassets in Resources */ = {isa = PBXBuildFile; fileRef = 9DF18B9B4C8105DD33B29C51 /* Assets.xcassets */; };
		B4410577DD1AAB452DDD83A9 /* AppBundle in Frameworks */ = {isa = PBXBuildFile; productRef = F1F6EA77909DA5047C6524AE /* AppBundle */; };
/* End PBXBuildFile section */

/* Begin PBXFileReference section */
		544E626BE683B1DF6816A141 /* default-config.toml */ = {isa = PBXFileReference; path = "default-config.toml"; sourceTree = "<group>"; };
		59603347DBEF43C09BBE3B5D /* MacarchyApp.swift */ = {isa = PBXFileReference; lastKnownFileType = sourcecode.swift; path = MacarchyApp.swift; sourceTree = "<group>"; };
		76C86D840F8A7F8FBA192CC3 /* Macarchy.entitlements */ = {isa = PBXFileReference; lastKnownFileType = text.plist.entitlements; path = Macarchy.entitlements; sourceTree = "<group>"; };
		8B7201582BC3E0B260AA845F /* macarchy-package-symlink */ = {isa = PBXFileReference; lastKnownFileType = folder; name = "macarchy-package-symlink"; path = "macarchy-package-symlink"; sourceTree = SOURCE_ROOT; };
		9DF18B9B4C8105DD33B29C51 /* Assets.xcassets */ = {isa = PBXFileReference; lastKnownFileType = folder.assetcatalog; path = Assets.xcassets; sourceTree = "<group>"; };
		ECF119021D18400FEC225E0D /* Macarchy.app */ = {isa = PBXFileReference; explicitFileType = wrapper.application; includeInIndex = 0; path = Macarchy.app; sourceTree = BUILT_PRODUCTS_DIR; };
/* End PBXFileReference section */

/* Begin PBXFrameworksBuildPhase section */
		A58F2AF99A7F63F680F22C9F /* Frameworks */ = {
			isa = PBXFrameworksBuildPhase;
			buildActionMask = 2147483647;
			files = (
				B4410577DD1AAB452DDD83A9 /* AppBundle in Frameworks */,
			);
			runOnlyForDeploymentPostprocessing = 0;
		};
/* End PBXFrameworksBuildPhase section */

/* Begin PBXGroup section */
		501EB7A4B2D660CF514D467C /* Products */ = {
			isa = PBXGroup;
			children = (
				ECF119021D18400FEC225E0D /* Macarchy.app */,
			);
			name = Products;
			sourceTree = "<group>";
		};
		576C0CB829B6668FC27F9624 /* config-examples */ = {
			isa = PBXGroup;
			children = (
				544E626BE683B1DF6816A141 /* default-config.toml */,
			);
			name = "config-examples";
			path = "../docs/config-examples";
			sourceTree = "<group>";
		};
		66FFBA1C3E1CEAD1658FF1BE /* MacarchyApp */ = {
			isa = PBXGroup;
			children = (
				59603347DBEF43C09BBE3B5D /* MacarchyApp.swift */,
			);
			name = MacarchyApp;
			path = ../Sources/MacarchyApp;
			sourceTree = "<group>";
		};
		808E9944CDF0EB42FCCEDCBF = {
			isa = PBXGroup;
			children = (
				576C0CB829B6668FC27F9624 /* config-examples */,
				66FFBA1C3E1CEAD1658FF1BE /* MacarchyApp */,
				D53DB0E7A77D010A362D42E6 /* Packages */,
				FE3C9149265BA0EBCCF182F8 /* resources */,
				501EB7A4B2D660CF514D467C /* Products */,
			);
			sourceTree = "<group>";
		};
		D53DB0E7A77D010A362D42E6 /* Packages */ = {
			isa = PBXGroup;
			children = (
				8B7201582BC3E0B260AA845F /* macarchy-package-symlink */,
			);
			name = Packages;
			sourceTree = "<group>";
		};
		FE3C9149265BA0EBCCF182F8 /* resources */ = {
			isa = PBXGroup;
			children = (
				9DF18B9B4C8105DD33B29C51 /* Assets.xcassets */,
				76C86D840F8A7F8FBA192CC3 /* Macarchy.entitlements */,
			);
			name = resources;
			path = ../resources;
			sourceTree = "<group>";
		};
/* End PBXGroup section */

/* Begin PBXNativeTarget section */
		780016308FDDE5B0A6654A39 /* Macarchy */ = {
			isa = PBXNativeTarget;
			buildConfigurationList = 4C0DABFD34F03DC11B14DAC6 /* Build configuration list for PBXNativeTarget "Macarchy" */;
			buildPhases = (
				B53CE3992464CDD816B9C125 /* Sources */,
				78DD1425AA471CEC8BB72C25 /* Resources */,
				A58F2AF99A7F63F680F22C9F /* Frameworks */,
			);
			buildRules = (
			);
			dependencies = (
			);
			name = Macarchy;
			packageProductDependencies = (
				F1F6EA77909DA5047C6524AE /* AppBundle */,
			);
			productName = Macarchy;
			productReference = ECF119021D18400FEC225E0D /* Macarchy.app */;
			productType = "com.apple.product-type.application";
		};
/* End PBXNativeTarget section */

/* Begin PBXProject section */
		F21203006CF85CC0F13B6395 /* Project object */ = {
			isa = PBXProject;
			attributes = {
				BuildIndependentTargetsInParallel = YES;
				LastUpgradeCheck = 1430;
				TargetAttributes = {
				};
			};
			buildConfigurationList = 8B73D2047A0C4B4625BCFFCD /* Build configuration list for PBXProject "Macarchy" */;
			developmentRegion = en;
			hasScannedForEncodings = 0;
			knownRegions = (
				Base,
				en,
			);
			mainGroup = 808E9944CDF0EB42FCCEDCBF;
			minimizedProjectReferenceProxies = 1;
			packageReferences = (
				836FD5F65BD94F4B8E6CCE4F /* XCLocalSwiftPackageReference "macarchy-package-symlink" */,
			);
			preferredProjectObjectVersion = 77;
			productRefGroup = 501EB7A4B2D660CF514D467C /* Products */;
			projectDirPath = "";
			projectRoot = "";
			targets = (
				780016308FDDE5B0A6654A39 /* Macarchy */,
			);
		};
/* End PBXProject section */

/* Begin PBXResourcesBuildPhase section */
		78DD1425AA471CEC8BB72C25 /* Resources */ = {
			isa = PBXResourcesBuildPhase;
			buildActionMask = 2147483647;
			files = (
				80BF7B8F501E8CFB999F9C77 /* Assets.xcassets in Resources */,
				77E9882807DC5F282D79C783 /* default-config.toml in Resources */,
			);
			runOnlyForDeploymentPostprocessing = 0;
		};
/* End PBXResourcesBuildPhase section */

/* Begin PBXSourcesBuildPhase section */
		B53CE3992464CDD816B9C125 /* Sources */ = {
			isa = PBXSourcesBuildPhase;
			buildActionMask = 2147483647;
			files = (
				59DB082BB1CBCB60FDF77845 /* MacarchyApp.swift in Sources */,
			);
			runOnlyForDeploymentPostprocessing = 0;
		};
/* End PBXSourcesBuildPhase section */

/* Begin XCBuildConfiguration section */
		134160D0C20022C9920A0F53 /* Release */ = {
			isa = XCBuildConfiguration;
			buildSettings = {
				ASSETCATALOG_COMPILER_APPICON_NAME = AppIcon;
				CODE_SIGN_ENTITLEMENTS = ../resources/Macarchy.entitlements;
				CODE_SIGN_IDENTITY = "${XCODEGEN_MACARCHY_CODE_SIGN_IDENTITY}";
				COMBINE_HIDPI_IMAGES = YES;
				GCC_TREAT_WARNINGS_AS_ERRORS = YES;
				GENERATE_INFOPLIST_FILE = YES;
				INFOPLIST_KEY_LSUIElement = YES;
				LD_RUNPATH_SEARCH_PATHS = (
					"$(inherited)",
					"@executable_path/../Frameworks",
				);
				MACOSX_DEPLOYMENT_TARGET = 13.0;
				MARKETING_VERSION = "${XCODEGEN_MACARCHY_VERSION}";
				PRODUCT_BUNDLE_IDENTIFIER = com.hancengiz.macarchy;
				PRODUCT_NAME = macarchy;
				SDKROOT = macosx;
				SWIFT_TREAT_WARNINGS_AS_ERRORS = YES;
				SWIFT_VERSION = 6.2;
			};
			name = Release;
		};
		68BCB9E3FF16EDB7253E4A65 /* Debug */ = {
			isa = XCBuildConfiguration;
			buildSettings = {
				ALWAYS_SEARCH_USER_PATHS = NO;
				CLANG_ANALYZER_NONNULL = YES;
				CLANG_ANALYZER_NUMBER_OBJECT_CONVERSION = YES_AGGRESSIVE;
				CLANG_CXX_LANGUAGE_STANDARD = "gnu++14";
				CLANG_CXX_LIBRARY = "libc++";
				CLANG_ENABLE_MODULES = YES;
				CLANG_ENABLE_OBJC_ARC = YES;
				CLANG_ENABLE_OBJC_WEAK = YES;
				CLANG_WARN_BLOCK_CAPTURE_AUTORELEASING = YES;
				CLANG_WARN_BOOL_CONVERSION = YES;
				CLANG_WARN_COMMA = YES;
				CLANG_WARN_CONSTANT_CONVERSION = YES;
				CLANG_WARN_DEPRECATED_OBJC_IMPLEMENTATIONS = YES;
				CLANG_WARN_DIRECT_OBJC_ISA_USAGE = YES_ERROR;
				CLANG_WARN_DOCUMENTATION_COMMENTS = YES;
				CLANG_WARN_EMPTY_BODY = YES;
				CLANG_WARN_ENUM_CONVERSION = YES;
				CLANG_WARN_INFINITE_RECURSION = YES;
				CLANG_WARN_INT_CONVERSION = YES;
				CLANG_WARN_NON_LITERAL_NULL_CONVERSION = YES;
				CLANG_WARN_OBJC_IMPLICIT_RETAIN_SELF = YES;
				CLANG_WARN_OBJC_LITERAL_CONVERSION = YES;
				CLANG_WARN_OBJC_ROOT_CLASS = YES_ERROR;
				CLANG_WARN_QUOTED_INCLUDE_IN_FRAMEWORK_HEADER = YES;
				CLANG_WARN_RANGE_LOOP_ANALYSIS = YES;
				CLANG_WARN_STRICT_PROTOTYPES = YES;
				CLANG_WARN_SUSPICIOUS_MOVE = YES;
				CLANG_WARN_UNGUARDED_AVAILABILITY = YES_AGGRESSIVE;
				CLANG_WARN_UNREACHABLE_CODE = YES;
				CLANG_WARN__DUPLICATE_METHOD_MATCH = YES;
				COPY_PHASE_STRIP = NO;
				DEBUG_INFORMATION_FORMAT = dwarf;
				ENABLE_STRICT_OBJC_MSGSEND = YES;
				ENABLE_TESTABILITY = YES;
				GCC_C_LANGUAGE_STANDARD = gnu11;
				GCC_DYNAMIC_NO_PIC = NO;
				GCC_NO_COMMON_BLOCKS = YES;
				GCC_OPTIMIZATION_LEVEL = 0;
				GCC_PREPROCESSOR_DEFINITIONS = (
					"$(inherited)",
					"DEBUG=1",
				);
				GCC_WARN_64_TO_32_BIT_CONVERSION = YES;
				GCC_WARN_ABOUT_RETURN_TYPE = YES_ERROR;
				GCC_WARN_UNDECLARED_SELECTOR = YES;
				GCC_WARN_UNINITIALIZED_AUTOS = YES_AGGRESSIVE;
				GCC_WARN_UNUSED_FUNCTION = YES;
				GCC_WARN_UNUSED_VARIABLE = YES;
				MTL_ENABLE_DEBUG_INFO = INCLUDE_SOURCE;
				MTL_FAST_MATH = YES;
				ONLY_ACTIVE_ARCH = YES;
				PRODUCT_NAME = "$(TARGET_NAME)";
				SDKROOT = macosx;
				SWIFT_ACTIVE_COMPILATION_CONDITIONS = DEBUG;
				SWIFT_OPTIMIZATION_LEVEL = "-Onone";
				SWIFT_VERSION = 5.0;
			};
			name = Debug;
		};
		6F3AF0319EA69ECC362F8D41 /* Debug */ = {
			isa = XCBuildConfiguration;
			buildSettings = {
				ASSETCATALOG_COMPILER_APPICON_NAME = AppIcon;
				CODE_SIGN_ENTITLEMENTS = ../resources/Macarchy.entitlements;
				CODE_SIGN_IDENTITY = "${XCODEGEN_MACARCHY_CODE_SIGN_IDENTITY}";
				COMBINE_HIDPI_IMAGES = YES;
				GENERATE_INFOPLIST_FILE = YES;
				INFOPLIST_KEY_LSUIElement = YES;
				LD_RUNPATH_SEARCH_PATHS = (
					"$(inherited)",
					"@executable_path/../Frameworks",
				);
				MACOSX_DEPLOYMENT_TARGET = 13.0;
				MARKETING_VERSION = "${XCODEGEN_MACARCHY_VERSION}";
				PRODUCT_BUNDLE_IDENTIFIER = com.hancengiz.macarchy.debug;
				PRODUCT_NAME = "macarchy-Debug";
				SDKROOT = macosx;
				SWIFT_VERSION = 6.2;
			};
			name = Debug;
		};
		D909E731A9BA4F37F5ACE9F9 /* Release */ = {
			isa = XCBuildConfiguration;
			buildSettings = {
				ALWAYS_SEARCH_USER_PATHS = NO;
				CLANG_ANALYZER_NONNULL = YES;
				CLANG_ANALYZER_NUMBER_OBJECT_CONVERSION = YES_AGGRESSIVE;
				CLANG_CXX_LANGUAGE_STANDARD = "gnu++14";
				CLANG_CXX_LIBRARY = "libc++";
				CLANG_ENABLE_MODULES = YES;
				CLANG_ENABLE_OBJC_ARC = YES;
				CLANG_ENABLE_OBJC_WEAK = YES;
				CLANG_WARN_BLOCK_CAPTURE_AUTORELEASING = YES;
				CLANG_WARN_BOOL_CONVERSION = YES;
				CLANG_WARN_COMMA = YES;
				CLANG_WARN_CONSTANT_CONVERSION = YES;
				CLANG_WARN_DEPRECATED_OBJC_IMPLEMENTATIONS = YES;
				CLANG_WARN_DIRECT_OBJC_ISA_USAGE = YES_ERROR;
				CLANG_WARN_DOCUMENTATION_COMMENTS = YES;
				CLANG_WARN_EMPTY_BODY = YES;
				CLANG_WARN_ENUM_CONVERSION = YES;
				CLANG_WARN_INFINITE_RECURSION = YES;
				CLANG_WARN_INT_CONVERSION = YES;
				CLANG_WARN_NON_LITERAL_NULL_CONVERSION = YES;
				CLANG_WARN_OBJC_IMPLICIT_RETAIN_SELF = YES;
				CLANG_WARN_OBJC_LITERAL_CONVERSION = YES;
				CLANG_WARN_OBJC_ROOT_CLASS = YES_ERROR;
				CLANG_WARN_QUOTED_INCLUDE_IN_FRAMEWORK_HEADER = YES;
				CLANG_WARN_RANGE_LOOP_ANALYSIS = YES;
				CLANG_WARN_STRICT_PROTOTYPES = YES;
				CLANG_WARN_SUSPICIOUS_MOVE = YES;
				CLANG_WARN_UNGUARDED_AVAILABILITY = YES_AGGRESSIVE;
				CLANG_WARN_UNREACHABLE_CODE = YES;
				CLANG_WARN__DUPLICATE_METHOD_MATCH = YES;
				COPY_PHASE_STRIP = NO;
				DEBUG_INFORMATION_FORMAT = "dwarf-with-dsym";
				ENABLE_NS_ASSERTIONS = NO;
				ENABLE_STRICT_OBJC_MSGSEND = YES;
				GCC_C_LANGUAGE_STANDARD = gnu11;
				GCC_NO_COMMON_BLOCKS = YES;
				GCC_WARN_64_TO_32_BIT_CONVERSION = YES;
				GCC_WARN_ABOUT_RETURN_TYPE = YES_ERROR;
				GCC_WARN_UNDECLARED_SELECTOR = YES;
				GCC_WARN_UNINITIALIZED_AUTOS = YES_AGGRESSIVE;
				GCC_WARN_UNUSED_FUNCTION = YES;
				GCC_WARN_UNUSED_VARIABLE = YES;
				MTL_ENABLE_DEBUG_INFO = NO;
				MTL_FAST_MATH = YES;
				PRODUCT_NAME = "$(TARGET_NAME)";
				SDKROOT = macosx;
				SWIFT_COMPILATION_MODE = wholemodule;
				SWIFT_OPTIMIZATION_LEVEL = "-O";
				SWIFT_VERSION = 5.0;
			};
			name = Release;
		};
/* End XCBuildConfiguration section */

/* Begin XCConfigurationList section */
		4C0DABFD34F03DC11B14DAC6 /* Build configuration list for PBXNativeTarget "Macarchy" */ = {
			isa = XCConfigurationList;
			buildConfigurations = (
				6F3AF0319EA69ECC362F8D41 /* Debug */,
				134160D0C20022C9920A0F53 /* Release */,
			);
			defaultConfigurationIsVisible = 0;
			defaultConfigurationName = Debug;
		};
		8B73D2047A0C4B4625BCFFCD /* Build configuration list for PBXProject "Macarchy" */ = {
			isa = XCConfigurationList;
			buildConfigurations = (
				68BCB9E3FF16EDB7253E4A65 /* Debug */,
				D909E731A9BA4F37F5ACE9F9 /* Release */,
			);
			defaultConfigurationIsVisible = 0;
			defaultConfigurationName = Debug;
		};
/* End XCConfigurationList section */

/* Begin XCLocalSwiftPackageReference section */
		836FD5F65BD94F4B8E6CCE4F /* XCLocalSwiftPackageReference "macarchy-package-symlink" */ = {
			isa = XCLocalSwiftPackageReference;
			relativePath = "macarchy-package-symlink";
		};
/* End XCLocalSwiftPackageReference section */

/* Begin XCSwiftPackageProductDependency section */
		F1F6EA77909DA5047C6524AE /* AppBundle */ = {
			isa = XCSwiftPackageProductDependency;
			productName = AppBundle;
		};
/* End XCSwiftPackageProductDependency section */
	};
	rootObject = F21203006CF85CC0F13B6395 /* Project object */;
}
